
Microsoft Visual Studio Solution File, Format Version 12.00
# Visual Studio Version 17
VisualStudioVersion = 17.4.33213.308
MinimumVisualStudioVersion = 10.0.40219.1
Project("{FAE04EC0-301F-11D3-BF4B-00C04F79EFBC}") = "POOL", "POOL.csproj", "{CFC4B407-6C05-4B7F-8EA8-CEEDEE228687}"
EndProject
Global
	GlobalSection(SolutionConfigurationPlatforms) = preSolution
		Debug|Any CPU = Debug|Any CPU
		Release|Any CPU = Release|Any CPU
	EndGlobalSection
	GlobalSection(ProjectConfigurationPlatforms) = postSolution
		{CFC4B407-6C05-4B7F-8EA8-CEEDEE228687}.Debug|Any CPU.ActiveCfg = Debug|Any CPU
		{CFC4B407-6C05-4B7F-8EA8-CEEDEE228687}.Debug|Any CPU.Build.0 = Debug|Any CPU
		{CFC4B407-6C05-4B7F-8EA8-CEEDEE228687}.Release|Any CPU.ActiveCfg = Release|Any CPU
		{CFC4B407-6C05-4B7F-8EA8-CEEDEE228687}.Release|Any CPU.Build.0 = Release|Any CPU
	EndGlobalSection
	GlobalSection(SolutionProperties) = preSolution
		HideSolutionNode = FALSE
	EndGlobalSection
	GlobalSection(ExtensibilityGlobals) = postSolution
		SolutionGuid = {005E8E53-B986-4F55-BF52-D5A5315DCA76}
	EndGlobalSection
EndGlobal
